<?xml version="1.0" encoding="utf-8"?>
<Project ToolsVersion="4.0" xmlns="http://schemas.microsoft.com/developer/msbuild/2003">
  <ItemGroup>
    <Filter Include="Source Files">
      <UniqueIdentifier>{4FC737F1-C7A5-4376-A066-2A32D752A2FF}</UniqueIdentifier>
      <Extensions>cpp;c;cc;cxx;c++;cppm;ixx;def;odl;idl;hpj;bat;asm;asmx</Extensions>
    </Filter>
    <Filter Include="Header Files">
      <UniqueIdentifier>{93995380-89BD-4b04-88EB-625FBE52EBFB}</UniqueIdentifier>
      <Extensions>h;hh;hpp;hxx;h++;hm;inl;inc;ipp;xsd</Extensions>
    </Filter>
    <Filter Include="Resource Files">
      <UniqueIdentifier>{67DA6AB6-F800-4c08-8B7A-83BB121AAD01}</UniqueIdentifier>
      <Extensions>rc;ico;cur;bmp;dlg;rc2;rct;bin;rgs;gif;jpg;jpeg;jpe;resx;tiff;tif;png;wav;mfcribbon-ms</Extensions>
    </Filter>
  </ItemGroup>
  <ItemGroup>
    <ClCompile Include="default_constructor.cpp">
      <Filter>Source Files</Filter>
    </ClCompile>
    <ClCompile Include="stringNotes.cpp">
      <Filter>Source Files</Filter>
    </ClCompile>
    <ClCompile Include="FileHandling.cpp">
      <Filter>Source Files</Filter>
    </ClCompile>
    <ClCompile Include="specialMemberFuncs.cpp">
      <Filter>Source Files</Filter>
    </ClCompile>
    <ClCompile Include="algorithmOver.cpp">
      <Filter>Source Files</Filter>
    </ClCompile>
    <ClCompile Include="AlgoIterAssignment.cpp">
      <Filter>Source Files</Filter>
    </ClCompile>
    <ClCompile Include="Containers.cpp">
      <Filter>Source Files</Filter>
    </ClCompile>
    <ClCompile Include="InheritancePolymorphism.cpp">
      <Filter>Source Files</Filter>
    </ClCompile>
    <ClCompile Include="ErrorHandling.cpp">
      <Filter>Source Files</Filter>
    </ClCompile>
    <ClCompile Include="moveSemantics.cpp">
      <Filter>Source Files</Filter>
    </ClCompile>
    <ClCompile Include="SmartPointers.cpp">
      <Filter>Source Files</Filter>
    </ClCompile>
    <ClCompile Include="miscllenious.cpp">
      <Filter>Source Files</Filter>
    </ClCompile>
    <ClCompile Include="assignment_thirteen.c">
      <Filter>Source Files</Filter>
    </ClCompile>
    <ClCompile Include="Assignment13.cpp">
      <Filter>Source Files</Filter>
    </ClCompile>
    <ClCompile Include="compileTimeProgramming.cpp">
      <Filter>Source Files</Filter>
    </ClCompile>
    <ClCompile Include="multithreading.cpp">
      <Filter>Source Files</Filter>
    </ClCompile>
    <ClCompile Include="mtSharedDataHandling.cpp">
      <Filter>Source Files</Filter>
    </ClCompile>
    <ClCompile Include="mtAtomicVars.cpp">
      <Filter>Source Files</Filter>
    </ClCompile>
    <ClCompile Include="mtAsyncProg.cpp">
      <Filter>Source Files</Filter>
    </ClCompile>
  </ItemGroup>
  <ItemGroup>
    <Text Include="languages.txt" />
    <Text Include="languages2.txt" />
    <Text Include="words.txt" />
    <Text Include="words2.txt" />
  </ItemGroup>
  <ItemGroup>
    <ClInclude Include="assignment13.h">
      <Filter>Header Files</Filter>
    </ClInclude>
    <ClInclude Include="cpp_resources.h">
      <Filter>Header Files</Filter>
    </ClInclude>
  </ItemGroup>
</Project>